
Microsoft Visual Studio Solution File, Format Version 12.00
# Visual Studio 2013
VisualStudioVersion = 12.0.31101.0
MinimumVisualStudioVersion = 10.0.40219.1
Project("{FAE04EC0-301F-11D3-BF4B-00C04F79EFBC}") = "SharedKernel.Domain", "SharedKernel.Domain\SharedKernel.Domain.csproj", "{E6D63351-5AF7-493B-B0E9-089C1B752E95}"
EndProject
Project("{2150E333-8FDC-42A3-9474-1A3956D46DE8}") = "SharedKernel", "SharedKernel", "{36BC8F8A-C165-4349-B501-0DC92727BCFA}"
EndProject
Global
	GlobalSection(SolutionConfigurationPlatforms) = preSolution
		Debug|Any CPU = Debug|Any CPU
		Release|Any CPU = Release|Any CPU
	EndGlobalSection
	GlobalSection(ProjectConfigurationPlatforms) = postSolution
		{E6D63351-5AF7-493B-B0E9-089C1B752E95}.Debug|Any CPU.ActiveCfg = Debug|Any CPU
		{E6D63351-5AF7-493B-B0E9-089C1B752E95}.Debug|Any CPU.Build.0 = Debug|Any CPU
		{E6D63351-5AF7-493B-B0E9-089C1B752E95}.Release|Any CPU.ActiveCfg = Release|Any CPU
		{E6D63351-5AF7-493B-B0E9-089C1B752E95}.Release|Any CPU.Build.0 = Release|Any CPU
	EndGlobalSection
	GlobalSection(SolutionProperties) = preSolution
		HideSolutionNode = FALSE
	EndGlobalSection
	GlobalSection(NestedProjects) = preSolution
		{E6D63351-5AF7-493B-B0E9-089C1B752E95} = {36BC8F8A-C165-4349-B501-0DC92727BCFA}
	EndGlobalSection
EndGlobal
